
Microsoft Visual Studio Solution File, Format Version 12.00
# Visual Studio Version 16
VisualStudioVersion = 16.0.30523.141
MinimumVisualStudioVersion = 10.0.40219.1
Project("{9A19103F-16F7-4668-BE54-9A1E7A4F7556}") = "KnightsMoves", "Knight's moves\KnightsMoves.csproj", "{40C0D1A9-D163-47F7-85B5-540EED20F558}"
EndProject
Project("{FAE04EC0-301F-11D3-BF4B-00C04F79EFBC}") = "KnightsMoves.Tests", "KnightsMoves.Tests\KnightsMoves.Tests.csproj", "{D6F6CFB9-A560-4BCD-B2E6-4A695C25BE71}"
EndProject
Global
	GlobalSection(SolutionConfigurationPlatforms) = preSolution
		Debug|Any CPU = Debug|Any CPU
		Release|Any CPU = Release|Any CPU
	EndGlobalSection
	GlobalSection(ProjectConfigurationPlatforms) = postSolution
		{40C0D1A9-D163-47F7-85B5-540EED20F558}.Debug|Any CPU.ActiveCfg = Debug|Any CPU
		{40C0D1A9-D163-47F7-85B5-540EED20F558}.Debug|Any CPU.Build.0 = Debug|Any CPU
		{40C0D1A9-D163-47F7-85B5-540EED20F558}.Release|Any CPU.ActiveCfg = Release|Any CPU
		{40C0D1A9-D163-47F7-85B5-540EED20F558}.Release|Any CPU.Build.0 = Release|Any CPU
		{D6F6CFB9-A560-4BCD-B2E6-4A695C25BE71}.Debug|Any CPU.ActiveCfg = Debug|Any CPU
		{D6F6CFB9-A560-4BCD-B2E6-4A695C25BE71}.Debug|Any CPU.Build.0 = Debug|Any CPU
		{D6F6CFB9-A560-4BCD-B2E6-4A695C25BE71}.Release|Any CPU.ActiveCfg = Release|Any CPU
		{D6F6CFB9-A560-4BCD-B2E6-4A695C25BE71}.Release|Any CPU.Build.0 = Release|Any CPU
	EndGlobalSection
	GlobalSection(SolutionProperties) = preSolution
		HideSolutionNode = FALSE
	EndGlobalSection
	GlobalSection(ExtensibilityGlobals) = postSolution
		SolutionGuid = {7CE87607-2C87-4B3F-BAB9-AB32674E0EF1}
	EndGlobalSection
EndGlobal
